
Microsoft Visual Studio Solution File, Format Version 12.00
# Visual Studio Version 17
VisualStudioVersion = 17.9.34701.34
MinimumVisualStudioVersion = 10.0.40219.1
Project("{FAE04EC0-301F-11D3-BF4B-00C04F79EFBC}") = "MagicVilla_VillaAPI", "MagicVilla_VillaAPI\MagicVilla_VillaAPI.csproj", "{819FD11B-5153-4CD2-9296-8F9F8F4C6983}"
EndProject
Global
	GlobalSection(SolutionConfigurationPlatforms) = preSolution
		Debug|Any CPU = Debug|Any CPU
		Release|Any CPU = Release|Any CPU
	EndGlobalSection
	GlobalSection(ProjectConfigurationPlatforms) = postSolution
		{819FD11B-5153-4CD2-9296-8F9F8F4C6983}.Debug|Any CPU.ActiveCfg = Debug|Any CPU
		{819FD11B-5153-4CD2-9296-8F9F8F4C6983}.Debug|Any CPU.Build.0 = Debug|Any CPU
		{819FD11B-5153-4CD2-9296-8F9F8F4C6983}.Release|Any CPU.ActiveCfg = Release|Any CPU
		{819FD11B-5153-4CD2-9296-8F9F8F4C6983}.Release|Any CPU.Build.0 = Release|Any CPU
	EndGlobalSection
	GlobalSection(SolutionProperties) = preSolution
		HideSolutionNode = FALSE
	EndGlobalSection
	GlobalSection(ExtensibilityGlobals) = postSolution
		SolutionGuid = {8ADF79C0-FC8E-4D05-A496-72120C7A2FFB}
	EndGlobalSection
EndGlobal
